
Microsoft Visual Studio Solution File, Format Version 12.00
# Visual Studio Version 17
VisualStudioVersion = 17.3.32811.315
MinimumVisualStudioVersion = 10.0.40219.1
Project("{FAE04EC0-301F-11D3-BF4B-00C04F79EFBC}") = "ClienteMovimiento", "ClienteMovimiento\ClienteMovimiento.csproj", "{5B93630A-6C42-4078-81C8-88A04E09ABE3}"
EndProject
Global
	GlobalSection(SolutionConfigurationPlatforms) = preSolution
		Debug|Any CPU = Debug|Any CPU
		Release|Any CPU = Release|Any CPU
	EndGlobalSection
	GlobalSection(ProjectConfigurationPlatforms) = postSolution
		{5B93630A-6C42-4078-81C8-88A04E09ABE3}.Debug|Any CPU.ActiveCfg = Debug|Any CPU
		{5B93630A-6C42-4078-81C8-88A04E09ABE3}.Debug|Any CPU.Build.0 = Debug|Any CPU
		{5B93630A-6C42-4078-81C8-88A04E09ABE3}.Release|Any CPU.ActiveCfg = Release|Any CPU
		{5B93630A-6C42-4078-81C8-88A04E09ABE3}.Release|Any CPU.Build.0 = Release|Any CPU
	EndGlobalSection
	GlobalSection(SolutionProperties) = preSolution
		HideSolutionNode = FALSE
	EndGlobalSection
	GlobalSection(ExtensibilityGlobals) = postSolution
		SolutionGuid = {C3AABC35-7B4A-4AA6-AACA-8905ED143FF3}
	EndGlobalSection
EndGlobal
